
Microsoft Visual Studio Solution File, Format Version 12.00
# Visual Studio Version 16
VisualStudioVersion = 16.0.29519.181
MinimumVisualStudioVersion = 10.0.40219.1
Project("{FAE04EC0-301F-11D3-BF4B-00C04F79EFBC}") = "HoppasDetFunkarDennaGång", "HoppasDetFunkarDennaGång.csproj", "{6C49725F-C127-443C-9E6C-BB857C10576D}"
EndProject
Global
	GlobalSection(SolutionConfigurationPlatforms) = preSolution
		Debug|Any CPU = Debug|Any CPU
		Release|Any CPU = Release|Any CPU
	EndGlobalSection
	GlobalSection(ProjectConfigurationPlatforms) = postSolution
		{6C49725F-C127-443C-9E6C-BB857C10576D}.Debug|Any CPU.ActiveCfg = Debug|Any CPU
		{6C49725F-C127-443C-9E6C-BB857C10576D}.Debug|Any CPU.Build.0 = Debug|Any CPU
		{6C49725F-C127-443C-9E6C-BB857C10576D}.Release|Any CPU.ActiveCfg = Release|Any CPU
		{6C49725F-C127-443C-9E6C-BB857C10576D}.Release|Any CPU.Build.0 = Release|Any CPU
	EndGlobalSection
	GlobalSection(SolutionProperties) = preSolution
		HideSolutionNode = FALSE
	EndGlobalSection
	GlobalSection(ExtensibilityGlobals) = postSolution
		SolutionGuid = {B9538756-B332-4247-8DF9-19B2DA68ACEC}
	EndGlobalSection
EndGlobal
